
Microsoft Visual Studio Solution File, Format Version 12.00
# Visual Studio Express 2012 for Windows Desktop
Project("{FAE04EC0-301F-11D3-BF4B-00C04F79EFBC}") = "SampleMVVM", "SampleMVVM\SampleMVVM.csproj", "{A01C3EFA-4CDC-457B-A3A2-0D945059AFC6}"
EndProject
Global
	GlobalSection(SolutionConfigurationPlatforms) = preSolution
		Debug|Any CPU = Debug|Any CPU
		Release|Any CPU = Release|Any CPU
	EndGlobalSection
	GlobalSection(ProjectConfigurationPlatforms) = postSolution
		{A01C3EFA-4CDC-457B-A3A2-0D945059AFC6}.Debug|Any CPU.ActiveCfg = Debug|Any CPU
		{A01C3EFA-4CDC-457B-A3A2-0D945059AFC6}.Debug|Any CPU.Build.0 = Debug|Any CPU
		{A01C3EFA-4CDC-457B-A3A2-0D945059AFC6}.Release|Any CPU.ActiveCfg = Release|Any CPU
		{A01C3EFA-4CDC-457B-A3A2-0D945059AFC6}.Release|Any CPU.Build.0 = Release|Any CPU
	EndGlobalSection
	GlobalSection(SolutionProperties) = preSolution
		HideSolutionNode = FALSE
	EndGlobalSection
EndGlobal
