
Microsoft Visual Studio Solution File, Format Version 12.00
# Visual Studio 14
VisualStudioVersion = 14.0.25420.1
MinimumVisualStudioVersion = 10.0.40219.1
Project("{FAE04EC0-301F-11D3-BF4B-00C04F79EFBC}") = "ActionVsFuncVsPredigate", "ActionVsFuncVsPredigate\ActionVsFuncVsPredigate.csproj", "{9446C714-3360-420B-8B36-DF7C8160900C}"
EndProject
Project("{2150E333-8FDC-42A3-9474-1A3956D46DE8}") = "WCF", "WCF", "{33FF9F63-3865-401D-9910-44F688F0D584}"
EndProject
Project("{FAE04EC0-301F-11D3-BF4B-00C04F79EFBC}") = "WCFHost", "WCFHost\WCFHost.csproj", "{BB01B043-6B7B-4058-AA82-004F432A4AC5}"
EndProject
Global
	GlobalSection(SolutionConfigurationPlatforms) = preSolution
		Debug|Any CPU = Debug|Any CPU
		Release|Any CPU = Release|Any CPU
	EndGlobalSection
	GlobalSection(ProjectConfigurationPlatforms) = postSolution
		{9446C714-3360-420B-8B36-DF7C8160900C}.Debug|Any CPU.ActiveCfg = Debug|Any CPU
		{9446C714-3360-420B-8B36-DF7C8160900C}.Debug|Any CPU.Build.0 = Debug|Any CPU
		{9446C714-3360-420B-8B36-DF7C8160900C}.Release|Any CPU.ActiveCfg = Release|Any CPU
		{9446C714-3360-420B-8B36-DF7C8160900C}.Release|Any CPU.Build.0 = Release|Any CPU
		{BB01B043-6B7B-4058-AA82-004F432A4AC5}.Debug|Any CPU.ActiveCfg = Debug|Any CPU
		{BB01B043-6B7B-4058-AA82-004F432A4AC5}.Debug|Any CPU.Build.0 = Debug|Any CPU
		{BB01B043-6B7B-4058-AA82-004F432A4AC5}.Release|Any CPU.ActiveCfg = Release|Any CPU
		{BB01B043-6B7B-4058-AA82-004F432A4AC5}.Release|Any CPU.Build.0 = Release|Any CPU
	EndGlobalSection
	GlobalSection(SolutionProperties) = preSolution
		HideSolutionNode = FALSE
	EndGlobalSection
	GlobalSection(NestedProjects) = preSolution
		{BB01B043-6B7B-4058-AA82-004F432A4AC5} = {33FF9F63-3865-401D-9910-44F688F0D584}
	EndGlobalSection
EndGlobal
